// !$*UTF8*$!
{
	archiveVersion = 1;
	classes = {
	};
	objectVersion = 77;
	objects = {

/* Begin PBXBuildFile section */
		ABD8BF0E2F0317A300B72338 /* SwiftSecurity in Frameworks */ = {isa = PBXBuildFile; productRef = ABD8BF0D2F0317A300B72338 /* SwiftSecurity */; };
/* End PBXBuildFile section */

/* Begin PBXContainerItemProxy section */
		ABD8BE872F0192EE00B72338 /* PBXContainerItemProxy */ = {
			isa = PBXContainerItemProxy;
			containerPortal = ABD8BE6F2F0192EC00B72338 /* Project object */;
			proxyType = 1;
			remoteGlobalIDString = ABD8BE762F0192EC00B72338;
			remoteInfo = FlexJetter;
		};
		ABD8BE912F0192EE00B72338 /* PBXContainerItemProxy */ = {
			isa = PBXContainerItemProxy;
			containerPortal = ABD8BE6F2F0192EC00B72338 /* Project object */;
			proxyType = 1;
			remoteGlobalIDString = ABD8BE762F0192EC00B72338;
			remoteInfo = FlexJetter;
		};
/* End PBXContainerItemProxy section */

/* Begin PBXFileReference section */
		ABD8BE772F0192EC00B72338 /* FlexJetter.app */ = {isa = PBXFileReference; explicitFileType = wrapper.application; includeInIndex = 0; path = FlexJetter.app; sourceTree = BUILT_PRODUCTS_DIR; };
		ABD8BE862F0192EE00B72338 /* FlexJetterTests.xctest */ = {isa = PBXFileReference; explicitFileType = wrapper.cfbundle; includeInIndex = 0; path = FlexJetterTests.xctest; sourceTree = BUILT_PRODUCTS_DIR; };
		ABD8BE902F0192EE00B72338 /* FlexJetterUITests.xctest */ = {isa = PBXFileReference; explicitFileType = wrapper.cfbundle; includeInIndex = 0; path = FlexJetterUITests.xctest; sourceTree = BUILT_PRODUCTS_DIR; };
/* End PBXFileReference section */

/* Begin PBXFileSystemSynchronizedBuildFileExceptionSet section */
		ABD8BF522F03602E00B72338 /* Exceptions for "FlexJetter" folder in "FlexJetter" target */ = {
			isa = PBXFileSystemSynchronizedBuildFileExceptionSet;
			membershipExceptions = (
				Info.plist,
			);
			target = ABD8BE762F0192EC00B72338 /* FlexJetter */;
		};
/* End PBXFileSystemSynchronizedBuildFileExceptionSet section */

/* Begin PBXFileSystemSynchronizedRootGroup section */
		ABD8BE792F0192EC00B72338 /* FlexJetter */ = {
			isa = PBXFileSystemSynchronizedRootGroup;
			exceptions = (
				ABD8BF522F03602E00B72338 /* Exceptions for "FlexJetter" folder in "FlexJetter" target */,
			);
			path = FlexJetter;
			sourceTree = "<group>";
		};
		ABD8BE892F0192EE00B72338 /* FlexJetterTests */ = {
			isa = PBXFileSystemSynchronizedRootGroup;
			path = FlexJetterTests;
			sourceTree = "<group>";
		};
		ABD8BE932F0192EE00B72338 /* FlexJetterUITests */ = {
			isa = PBXFileSystemSynchronizedRootGroup;
			path = FlexJetterUITests;
			sourceTree = "<group>";
		};
/* End PBXFileSystemSynchronizedRootGroup section */

/* Begin PBXFrameworksBuildPhase section */
		ABD8BE742F0192EC00B72338 /* Frameworks */ = {
			isa = PBXFrameworksBuildPhase;
			buildActionMask = 2147483647;
			files = (
				ABD8BF0E2F0317A300B72338 /* SwiftSecurity in Frameworks */,
			);
			runOnlyForDeploymentPostprocessing = 0;
		};
		ABD8BE832F0192EE00B72338 /* Frameworks */ = {
			isa = PBXFrameworksBuildPhase;
			buildActionMask = 2147483647;
			files = (
			);
			runOnlyForDeploymentPostprocessing = 0;
		};
		ABD8BE8D2F0192EE00B72338 /* Frameworks */ = {
			isa = PBXFrameworksBuildPhase;
			buildActionMask = 2147483647;
			files = (
			);
			runOnlyForDeploymentPostprocessing = 0;
		};
/* End PBXFrameworksBuildPhase section */

/* Begin PBXGroup section */
		ABD8BE6E2F0192EC00B72338 = {
			isa = PBXGroup;
			children = (
				ABD8BE792F0192EC00B72338 /* FlexJetter */,
				ABD8BE892F0192EE00B72338 /* FlexJetterTests */,
				ABD8BE932F0192EE00B72338 /* FlexJetterUITests */,
				ABD8BE782F0192EC00B72338 /* Products */,
			);
			sourceTree = "<group>";
		};
		ABD8BE782F0192EC00B72338 /* Products */ = {
			isa = PBXGroup;
			children = (
				ABD8BE772F0192EC00B72338 /* FlexJetter.app */,
				ABD8BE862F0192EE00B72338 /* FlexJetterTests.xctest */,
				ABD8BE902F0192EE00B72338 /* FlexJetterUITests.xctest */,
			);
			name = Products;
			sourceTree = "<group>";
		};
/* End PBXGroup section */

/* Begin PBXNativeTarget section */
		ABD8BE762F0192EC00B72338 /* FlexJetter */ = {
			isa = PBXNativeTarget;
			buildConfigurationList = ABD8BE9A2F0192EE00B72338 /* Build configuration list for PBXNativeTarget "FlexJetter" */;
			buildPhases = (
				ABD8BE732F0192EC00B72338 /* Sources */,
				ABD8BE742F0192EC00B72338 /* Frameworks */,
				ABD8BE752F0192EC00B72338 /* Resources */,
			);
			buildRules = (
			);
			dependencies = (
			);
			fileSystemSynchronizedGroups = (
				ABD8BE792F0192EC00B72338 /* FlexJetter */,
			);
			name = FlexJetter;
			packageProductDependencies = (
				ABD8BF0D2F0317A300B72338 /* SwiftSecurity */,
			);
			productName = FlexJetter;
			productReference = ABD8BE772F0192EC00B72338 /* FlexJetter.app */;
			productType = "com.apple.product-type.application";
		};
		ABD8BE852F0192EE00B72338 /* FlexJetterTests */ = {
			isa = PBXNativeTarget;
			buildConfigurationList = ABD8BE9D2F0192EE00B72338 /* Build configuration list for PBXNativeTarget "FlexJetterTests" */;
			buildPhases = (
				ABD8BE822F0192EE00B72338 /* Sources */,
				ABD8BE832F0192EE00B72338 /* Frameworks */,
				ABD8BE842F0192EE00B72338 /* Resources */,
			);
			buildRules = (
			);
			dependencies = (
				ABD8BE882F0192EE00B72338 /* PBXTargetDependency */,
			);
			fileSystemSynchronizedGroups = (
				ABD8BE892F0192EE00B72338 /* FlexJetterTests */,
			);
			name = FlexJetterTests;
			packageProductDependencies = (
			);
			productName = FlexJetterTests;
			productReference = ABD8BE862F0192EE00B72338 /* FlexJetterTests.xctest */;
			productType = "com.apple.product-type.bundle.unit-test";
		};
		ABD8BE8F2F0192EE00B72338 /* FlexJetterUITests */ = {
			isa = PBXNativeTarget;
			buildConfigurationList = ABD8BEA02F0192EE00B72338 /* Build configuration list for PBXNativeTarget "FlexJetterUITests" */;
			buildPhases = (
				ABD8BE8C2F0192EE00B72338 /* Sources */,
				ABD8BE8D2F0192EE00B72338 /* Frameworks */,
				ABD8BE8E2F0192EE00B72338 /* Resources */,
			);
			buildRules = (
			);
			dependencies = (
				ABD8BE922F0192EE00B72338 /* PBXTargetDependency */,
			);
			fileSystemSynchronizedGroups = (
				ABD8BE932F0192EE00B72338 /* FlexJetterUITests */,
			);
			name = FlexJetterUITests;
			packageProductDependencies = (
			);
			productName = FlexJetterUITests;
			productReference = ABD8BE902F0192EE00B72338 /* FlexJetterUITests.xctest */;
			productType = "com.apple.product-type.bundle.ui-testing";
		};
/* End PBXNativeTarget section */

/* Begin PBXProject section */
		ABD8BE6F2F0192EC00B72338 /* Project object */ = {
			isa = PBXProject;
			attributes = {
				BuildIndependentTargetsInParallel = 1;
				LastSwiftUpdateCheck = 2610;
				LastUpgradeCheck = 2610;
				TargetAttributes = {
					ABD8BE762F0192EC00B72338 = {
						CreatedOnToolsVersion = 26.1.1;
					};
					ABD8BE852F0192EE00B72338 = {
						CreatedOnToolsVersion = 26.1.1;
						TestTargetID = ABD8BE762F0192EC00B72338;
					};
					ABD8BE8F2F0192EE00B72338 = {
						CreatedOnToolsVersion = 26.1.1;
						TestTargetID = ABD8BE762F0192EC00B72338;
					};
				};
			};
			buildConfigurationList = ABD8BE722F0192EC00B72338 /* Build configuration list for PBXProject "FlexJetter" */;
			developmentRegion = en;
			hasScannedForEncodings = 0;
			knownRegions = (
				en,
				Base,
			);
			mainGroup = ABD8BE6E2F0192EC00B72338;
			minimizedProjectReferenceProxies = 1;
			packageReferences = (
				ABD8BF0C2F0317A300B72338 /* XCRemoteSwiftPackageReference "swift-security" */,
			);
			preferredProjectObjectVersion = 77;
			productRefGroup = ABD8BE782F0192EC00B72338 /* Products */;
			projectDirPath = "";
			projectRoot = "";
			targets = (
				ABD8BE762F0192EC00B72338 /* FlexJetter */,
				ABD8BE852F0192EE00B72338 /* FlexJetterTests */,
				ABD8BE8F2F0192EE00B72338 /* FlexJetterUITests */,
			);
		};
/* End PBXProject section */

/* Begin PBXResourcesBuildPhase section */
		ABD8BE752F0192EC00B72338 /* Resources */ = {
			isa = PBXResourcesBuildPhase;
			buildActionMask = 2147483647;
			files = (
			);
			runOnlyForDeploymentPostprocessing = 0;
		};
		ABD8BE842F0192EE00B72338 /* Resources */ = {
			isa = PBXResourcesBuildPhase;
			buildActionMask = 2147483647;
			files = (
			);
			runOnlyForDeploymentPostprocessing = 0;
		};
		ABD8BE8E2F0192EE00B72338 /* Resources */ = {
			isa = PBXResourcesBuildPhase;
			buildActionMask = 2147483647;
			files = (
			);
			runOnlyForDeploymentPostprocessing = 0;
		};
/* End PBXResourcesBuildPhase section */

/* Begin PBXSourcesBuildPhase section */
		ABD8BE732F0192EC00B72338 /* Sources */ = {
			isa = PBXSourcesBuildPhase;
			buildActionMask = 2147483647;
			files = (
			);
			runOnlyForDeploymentPostprocessing = 0;
		};
		ABD8BE822F0192EE00B72338 /* Sources */ = {
			isa = PBXSourcesBuildPhase;
			buildActionMask = 2147483647;
			files = (
			);
			runOnlyForDeploymentPostprocessing = 0;
		};
		ABD8BE8C2F0192EE00B72338 /* Sources */ = {
			isa = PBXSourcesBuildPhase;
			buildActionMask = 2147483647;
			files = (
			);
			runOnlyForDeploymentPostprocessing = 0;
		};
/* End PBXSourcesBuildPhase section */

/* Begin PBXTargetDependency section */
		ABD8BE882F0192EE00B72338 /* PBXTargetDependency */ = {
			isa = PBXTargetDependency;
			target = ABD8BE762F0192EC00B72338 /* FlexJetter */;
			targetProxy = ABD8BE872F0192EE00B72338 /* PBXContainerItemProxy */;
		};
		ABD8BE922F0192EE00B72338 /* PBXTargetDependency */ = {
			isa = PBXTargetDependency;
			target = ABD8BE762F0192EC00B72338 /* FlexJetter */;
			targetProxy = ABD8BE912F0192EE00B72338 /* PBXContainerItemProxy */;
		};
/* End PBXTargetDependency section */

/* Begin XCBuildConfiguration section */
		ABD8BE982F0192EE00B72338 /* Debug */ = {
			isa = XCBuildConfiguration;
			buildSettings = {
				ALWAYS_SEARCH_USER_PATHS = NO;
				ASSETCATALOG_COMPILER_GENERATE_SWIFT_ASSET_SYMBOL_EXTENSIONS = YES;
				CLANG_ANALYZER_NONNULL = YES;
				CLANG_ANALYZER_NUMBER_OBJECT_CONVERSION = YES_AGGRESSIVE;
				CLANG_CXX_LANGUAGE_STANDARD = "gnu++20";
				CLANG_ENABLE_MODULES = YES;
				CLANG_ENABLE_OBJC_ARC = YES;
				CLANG_ENABLE_OBJC_WEAK = YES;
				CLANG_WARN_BLOCK_CAPTURE_AUTORELEASING = YES;
				CLANG_WARN_BOOL_CONVERSION = YES;
				CLANG_WARN_COMMA = YES;
				CLANG_WARN_CONSTANT_CONVERSION = YES;
				CLANG_WARN_DEPRECATED_OBJC_IMPLEMENTATIONS = YES;
				CLANG_WARN_DIRECT_OBJC_ISA_USAGE = YES_ERROR;
				CLANG_WARN_DOCUMENTATION_COMMENTS = YES;
				CLANG_WARN_EMPTY_BODY = YES;
				CLANG_WARN_ENUM_CONVERSION = YES;
				CLANG_WARN_INFINITE_RECURSION = YES;
				CLANG_WARN_INT_CONVERSION = YES;
				CLANG_WARN_NON_LITERAL_NULL_CONVERSION = YES;
				CLANG_WARN_OBJC_IMPLICIT_RETAIN_SELF = YES;
				CLANG_WARN_OBJC_LITERAL_CONVERSION = YES;
				CLANG_WARN_OBJC_ROOT_CLASS = YES_ERROR;
				CLANG_WARN_QUOTED_INCLUDE_IN_FRAMEWORK_HEADER = YES;
				CLANG_WARN_RANGE_LOOP_ANALYSIS = YES;
				CLANG_WARN_STRICT_PROTOTYPES = YES;
				CLANG_WARN_SUSPICIOUS_MOVE = YES;
				CLANG_WARN_UNGUARDED_AVAILABILITY = YES_AGGRESSIVE;
				CLANG_WARN_UNREACHABLE_CODE = YES;
				CLANG_WARN__DUPLICATE_METHOD_MATCH = YES;
				COPY_PHASE_STRIP = NO;
				DEBUG_INFORMATION_FORMAT = dwarf;
				DEVELOPMENT_TEAM = J66RNPR5C6;
				ENABLE_STRICT_OBJC_MSGSEND = YES;
				ENABLE_TESTABILITY = YES;
				ENABLE_USER_SCRIPT_SANDBOXING = YES;
				GCC_C_LANGUAGE_STANDARD = gnu17;
				GCC_DYNAMIC_NO_PIC = NO;
				GCC_NO_COMMON_BLOCKS = YES;
				GCC_OPTIMIZATION_LEVEL = 0;
				GCC_PREPROCESSOR_DEFINITIONS = (
					"DEBUG=1",
					"$(inherited)",
				);
				GCC_WARN_64_TO_32_BIT_CONVERSION = YES;
				GCC_WARN_ABOUT_RETURN_TYPE = YES_ERROR;
				GCC_WARN_UNDECLARED_SELECTOR = YES;
				GCC_WARN_UNINITIALIZED_AUTOS = YES_AGGRESSIVE;
				GCC_WARN_UNUSED_FUNCTION = YES;
				GCC_WARN_UNUSED_VARIABLE = YES;
				IPHONEOS_DEPLOYMENT_TARGET = 26.1;
				LOCALIZATION_PREFERS_STRING_CATALOGS = YES;
				MTL_ENABLE_DEBUG_INFO = INCLUDE_SOURCE;
				MTL_FAST_MATH = YES;
				ONLY_ACTIVE_ARCH = YES;
				SDKROOT = iphoneos;
				SWIFT_ACTIVE_COMPILATION_CONDITIONS = "DEBUG $(inherited)";
				SWIFT_OPTIMIZATION_LEVEL = "-Onone";
			};
			name = Debug;
		};
		ABD8BE992F0192EE00B72338 /* Release */ = {
			isa = XCBuildConfiguration;
			buildSettings = {
				ALWAYS_SEARCH_USER_PATHS = NO;
				ASSETCATALOG_COMPILER_GENERATE_SWIFT_ASSET_SYMBOL_EXTENSIONS = YES;
				CLANG_ANALYZER_NONNULL = YES;
				CLANG_ANALYZER_NUMBER_OBJECT_CONVERSION = YES_AGGRESSIVE;
				CLANG_CXX_LANGUAGE_STANDARD = "gnu++20";
				CLANG_ENABLE_MODULES = YES;
				CLANG_ENABLE_OBJC_ARC = YES;
				CLANG_ENABLE_OBJC_WEAK = YES;
				CLANG_WARN_BLOCK_CAPTURE_AUTORELEASING = YES;
				CLANG_WARN_BOOL_CONVERSION = YES;
				CLANG_WARN_COMMA = YES;
				CLANG_WARN_CONSTANT_CONVERSION = YES;
				CLANG_WARN_DEPRECATED_OBJC_IMPLEMENTATIONS = YES;
				CLANG_WARN_DIRECT_OBJC_ISA_USAGE = YES_ERROR;
				CLANG_WARN_DOCUMENTATION_COMMENTS = YES;
				CLANG_WARN_EMPTY_BODY = YES;
				CLANG_WARN_ENUM_CONVERSION = YES;
				CLANG_WARN_INFINITE_RECURSION = YES;
				CLANG_WARN_INT_CONVERSION = YES;
				CLANG_WARN_NON_LITERAL_NULL_CONVERSION = YES;
				CLANG_WARN_OBJC_IMPLICIT_RETAIN_SELF = YES;
				CLANG_WARN_OBJC_LITERAL_CONVERSION = YES;
				CLANG_WARN_OBJC_ROOT_CLASS = YES_ERROR;
				CLANG_WARN_QUOTED_INCLUDE_IN_FRAMEWORK_HEADER = YES;
				CLANG_WARN_RANGE_LOOP_ANALYSIS = YES;
				CLANG_WARN_STRICT_PROTOTYPES = YES;
				CLANG_WARN_SUSPICIOUS_MOVE = YES;
				CLANG_WARN_UNGUARDED_AVAILABILITY = YES_AGGRESSIVE;
				CLANG_WARN_UNREACHABLE_CODE = YES;
				CLANG_WARN__DUPLICATE_METHOD_MATCH = YES;
				COPY_PHASE_STRIP = NO;
				DEBUG_INFORMATION_FORMAT = "dwarf-with-dsym";
				DEVELOPMENT_TEAM = J66RNPR5C6;
				ENABLE_NS_ASSERTIONS = NO;
				ENABLE_STRICT_OBJC_MSGSEND = YES;
				ENABLE_USER_SCRIPT_SANDBOXING = YES;
				GCC_C_LANGUAGE_STANDARD = gnu17;
				GCC_NO_COMMON_BLOCKS = YES;
				GCC_WARN_64_TO_32_BIT_CONVERSION = YES;
				GCC_WARN_ABOUT_RETURN_TYPE = YES_ERROR;
				GCC_WARN_UNDECLARED_SELECTOR = YES;
				GCC_WARN_UNINITIALIZED_AUTOS = YES_AGGRESSIVE;
				GCC_WARN_UNUSED_FUNCTION = YES;
				GCC_WARN_UNUSED_VARIABLE = YES;
				IPHONEOS_DEPLOYMENT_TARGET = 26.1;
				LOCALIZATION_PREFERS_STRING_CATALOGS = YES;
				MTL_ENABLE_DEBUG_INFO = NO;
				MTL_FAST_MATH = YES;
				SDKROOT = iphoneos;
				SWIFT_COMPILATION_MODE = wholemodule;
				VALIDATE_PRODUCT = YES;
			};
			name = Release;
		};
		ABD8BE9B2F0192EE00B72338 /* Debug */ = {
			isa = XCBuildConfiguration;
			buildSettings = {
				ASSETCATALOG_COMPILER_APPICON_NAME = AppIcon;
				ASSETCATALOG_COMPILER_GLOBAL_ACCENT_COLOR_NAME = AccentColor;
				CODE_SIGN_STYLE = Automatic;
				CURRENT_PROJECT_VERSION = 1;
				DEVELOPMENT_TEAM = J66RNPR5C6;
				ENABLE_PREVIEWS = YES;
				GENERATE_INFOPLIST_FILE = YES;
				INFOPLIST_FILE = FlexJetter/Info.plist;
				INFOPLIST_KEY_UIApplicationSceneManifest_Generation = YES;
				INFOPLIST_KEY_UIApplicationSupportsIndirectInputEvents = YES;
				INFOPLIST_KEY_UILaunchScreen_Generation = YES;
				INFOPLIST_KEY_UISupportedInterfaceOrientations_iPad = "UIInterfaceOrientationPortrait UIInterfaceOrientationPortraitUpsideDown UIInterfaceOrientationLandscapeLeft UIInterfaceOrientationLandscapeRight";
				INFOPLIST_KEY_UISupportedInterfaceOrientations_iPhone = "UIInterfaceOrientationPortrait UIInterfaceOrientationLandscapeLeft UIInterfaceOrientationLandscapeRight";
				LD_RUNPATH_SEARCH_PATHS = (
					"$(inherited)",
					"@executable_path/Frameworks",
				);
				MARKETING_VERSION = 1.0;
				PRODUCT_BUNDLE_IDENTIFIER = com.jkovach.FlexJetter;
				PRODUCT_NAME = "$(TARGET_NAME)";
				STRING_CATALOG_GENERATE_SYMBOLS = YES;
				SWIFT_APPROACHABLE_CONCURRENCY = YES;
				SWIFT_DEFAULT_ACTOR_ISOLATION = MainActor;
				SWIFT_EMIT_LOC_STRINGS = YES;
				SWIFT_UPCOMING_FEATURE_MEMBER_IMPORT_VISIBILITY = YES;
				SWIFT_VERSION = 5.0;
				TARGETED_DEVICE_FAMILY = "1,2";
			};
			name = Debug;
		};
		ABD8BE9C2F0192EE00B72338 /* Release */ = {
			isa = XCBuildConfiguration;
			buildSettings = {
				ASSETCATALOG_COMPILER_APPICON_NAME = AppIcon;
				ASSETCATALOG_COMPILER_GLOBAL_ACCENT_COLOR_NAME = AccentColor;
				CODE_SIGN_STYLE = Automatic;
				CURRENT_PROJECT_VERSION = 1;
				DEVELOPMENT_TEAM = J66RNPR5C6;
				ENABLE_PREVIEWS = YES;
				GENERATE_INFOPLIST_FILE = YES;
				INFOPLIST_FILE = FlexJetter/Info.plist;
				INFOPLIST_KEY_UIApplicationSceneManifest_Generation = YES;
				INFOPLIST_KEY_UIApplicationSupportsIndirectInputEvents = YES;
				INFOPLIST_KEY_UILaunchScreen_Generation = YES;
				INFOPLIST_KEY_UISupportedInterfaceOrientations_iPad = "UIInterfaceOrientationPortrait UIInterfaceOrientationPortraitUpsideDown UIInterfaceOrientationLandscapeLeft UIInterfaceOrientationLandscapeRight";
				INFOPLIST_KEY_UISupportedInterfaceOrientations_iPhone = "UIInterfaceOrientationPortrait UIInterfaceOrientationLandscapeLeft UIInterfaceOrientationLandscapeRight";
				LD_RUNPATH_SEARCH_PATHS = (
					"$(inherited)",
					"@executable_path/Frameworks",
				);
				MARKETING_VERSION = 1.0;
				PRODUCT_BUNDLE_IDENTIFIER = com.jkovach.FlexJetter;
				PRODUCT_NAME = "$(TARGET_NAME)";
				STRING_CATALOG_GENERATE_SYMBOLS = YES;
				SWIFT_APPROACHABLE_CONCURRENCY = YES;
				SWIFT_DEFAULT_ACTOR_ISOLATION = MainActor;
				SWIFT_EMIT_LOC_STRINGS = YES;
				SWIFT_UPCOMING_FEATURE_MEMBER_IMPORT_VISIBILITY = YES;
				SWIFT_VERSION = 5.0;
				TARGETED_DEVICE_FAMILY = "1,2";
			};
			name = Release;
		};
		ABD8BE9E2F0192EE00B72338 /* Debug */ = {
			isa = XCBuildConfiguration;
			buildSettings = {
				BUNDLE_LOADER = "$(TEST_HOST)";
				CODE_SIGN_STYLE = Automatic;
				CURRENT_PROJECT_VERSION = 1;
				DEVELOPMENT_TEAM = J66RNPR5C6;
				GENERATE_INFOPLIST_FILE = YES;
				IPHONEOS_DEPLOYMENT_TARGET = 26.1;
				MARKETING_VERSION = 1.0;
				PRODUCT_BUNDLE_IDENTIFIER = com.jkovach.FlexJetterTests;
				PRODUCT_NAME = "$(TARGET_NAME)";
				STRING_CATALOG_GENERATE_SYMBOLS = NO;
				SWIFT_APPROACHABLE_CONCURRENCY = YES;
				SWIFT_EMIT_LOC_STRINGS = NO;
				SWIFT_UPCOMING_FEATURE_MEMBER_IMPORT_VISIBILITY = YES;
				SWIFT_VERSION = 5.0;
				TARGETED_DEVICE_FAMILY = "1,2";
				TEST_HOST = "$(BUILT_PRODUCTS_DIR)/FlexJetter.app/$(BUNDLE_EXECUTABLE_FOLDER_PATH)/FlexJetter";
			};
			name = Debug;
		};
		ABD8BE9F2F0192EE00B72338 /* Release */ = {
			isa = XCBuildConfiguration;
			buildSettings = {
				BUNDLE_LOADER = "$(TEST_HOST)";
				CODE_SIGN_STYLE = Automatic;
				CURRENT_PROJECT_VERSION = 1;
				DEVELOPMENT_TEAM = J66RNPR5C6;
				GENERATE_INFOPLIST_FILE = YES;
				IPHONEOS_DEPLOYMENT_TARGET = 26.1;
				MARKETING_VERSION = 1.0;
				PRODUCT_BUNDLE_IDENTIFIER = com.jkovach.FlexJetterTests;
				PRODUCT_NAME = "$(TARGET_NAME)";
				STRING_CATALOG_GENERATE_SYMBOLS = NO;
				SWIFT_APPROACHABLE_CONCURRENCY = YES;
				SWIFT_EMIT_LOC_STRINGS = NO;
				SWIFT_UPCOMING_FEATURE_MEMBER_IMPORT_VISIBILITY = YES;
				SWIFT_VERSION = 5.0;
				TARGETED_DEVICE_FAMILY = "1,2";
				TEST_HOST = "$(BUILT_PRODUCTS_DIR)/FlexJetter.app/$(BUNDLE_EXECUTABLE_FOLDER_PATH)/FlexJetter";
			};
			name = Release;
		};
		ABD8BEA12F0192EE00B72338 /* Debug */ = {
			isa = XCBuildConfiguration;
			buildSettings = {
				CODE_SIGN_STYLE = Automatic;
				CURRENT_PROJECT_VERSION = 1;
				DEVELOPMENT_TEAM = J66RNPR5C6;
				GENERATE_INFOPLIST_FILE = YES;
				MARKETING_VERSION = 1.0;
				PRODUCT_BUNDLE_IDENTIFIER = com.jkovach.FlexJetterUITests;
				PRODUCT_NAME = "$(TARGET_NAME)";
				STRING_CATALOG_GENERATE_SYMBOLS = NO;
				SWIFT_APPROACHABLE_CONCURRENCY = YES;
				SWIFT_EMIT_LOC_STRINGS = NO;
				SWIFT_UPCOMING_FEATURE_MEMBER_IMPORT_VISIBILITY = YES;
				SWIFT_VERSION = 5.0;
				TARGETED_DEVICE_FAMILY = "1,2";
				TEST_TARGET_NAME = FlexJetter;
			};
			name = Debug;
		};
		ABD8BEA22F0192EE00B72338 /* Release */ = {
			isa = XCBuildConfiguration;
			buildSettings = {
				CODE_SIGN_STYLE = Automatic;
				CURRENT_PROJECT_VERSION = 1;
				DEVELOPMENT_TEAM = J66RNPR5C6;
				GENERATE_INFOPLIST_FILE = YES;
				MARKETING_VERSION = 1.0;
				PRODUCT_BUNDLE_IDENTIFIER = com.jkovach.FlexJetterUITests;
				PRODUCT_NAME = "$(TARGET_NAME)";
				STRING_CATALOG_GENERATE_SYMBOLS = NO;
				SWIFT_APPROACHABLE_CONCURRENCY = YES;
				SWIFT_EMIT_LOC_STRINGS = NO;
				SWIFT_UPCOMING_FEATURE_MEMBER_IMPORT_VISIBILITY = YES;
				SWIFT_VERSION = 5.0;
				TARGETED_DEVICE_FAMILY = "1,2";
				TEST_TARGET_NAME = FlexJetter;
			};
			name = Release;
		};
/* End XCBuildConfiguration section */

/* Begin XCConfigurationList section */
		ABD8BE722F0192EC00B72338 /* Build configuration list for PBXProject "FlexJetter" */ = {
			isa = XCConfigurationList;
			buildConfigurations = (
				ABD8BE982F0192EE00B72338 /* Debug */,
				ABD8BE992F0192EE00B72338 /* Release */,
			);
			defaultConfigurationIsVisible = 0;
			defaultConfigurationName = Release;
		};
		ABD8BE9A2F0192EE00B72338 /* Build configuration list for PBXNativeTarget "FlexJetter" */ = {
			isa = XCConfigurationList;
			buildConfigurations = (
				ABD8BE9B2F0192EE00B72338 /* Debug */,
				ABD8BE9C2F0192EE00B72338 /* Release */,
			);
			defaultConfigurationIsVisible = 0;
			defaultConfigurationName = Release;
		};
		ABD8BE9D2F0192EE00B72338 /* Build configuration list for PBXNativeTarget "FlexJetterTests" */ = {
			isa = XCConfigurationList;
			buildConfigurations = (
				ABD8BE9E2F0192EE00B72338 /* Debug */,
				ABD8BE9F2F0192EE00B72338 /* Release */,
			);
			defaultConfigurationIsVisible = 0;
			defaultConfigurationName = Release;
		};
		ABD8BEA02F0192EE00B72338 /* Build configuration list for PBXNativeTarget "FlexJetterUITests" */ = {
			isa = XCConfigurationList;
			buildConfigurations = (
				ABD8BEA12F0192EE00B72338 /* Debug */,
				ABD8BEA22F0192EE00B72338 /* Release */,
			);
			defaultConfigurationIsVisible = 0;
			defaultConfigurationName = Release;
		};
/* End XCConfigurationList section */

/* Begin XCRemoteSwiftPackageReference section */
		ABD8BF0C2F0317A300B72338 /* XCRemoteSwiftPackageReference "swift-security" */ = {
			isa = XCRemoteSwiftPackageReference;
			repositoryURL = "https://github.com/dm-zharov/swift-security.git";
			requirement = {
				kind = upToNextMajorVersion;
				minimumVersion = 2.5.1;
			};
		};
/* End XCRemoteSwiftPackageReference section */

/* Begin XCSwiftPackageProductDependency section */
		ABD8BF0D2F0317A300B72338 /* SwiftSecurity */ = {
			isa = XCSwiftPackageProductDependency;
			package = ABD8BF0C2F0317A300B72338 /* XCRemoteSwiftPackageReference "swift-security" */;
			productName = SwiftSecurity;
		};
/* End XCSwiftPackageProductDependency section */
	};
	rootObject = ABD8BE6F2F0192EC00B72338 /* Project object */;
}
